
Microsoft Visual Studio Solution File, Format Version 12.00
# Visual Studio Version 17
VisualStudioVersion = 17.0.32126.317
MinimumVisualStudioVersion = 10.0.40219.1
Project("{2150E333-8FDC-42A3-9474-1A3956D46DE8}") = "Application", "Application", "{BD875ED1-334C-446A-B456-132FCA49EEEA}"
EndProject
Project("{2150E333-8FDC-42A3-9474-1A3956D46DE8}") = "Domain", "Domain", "{426F4530-C152-4345-9EEA-5528249218FE}"
EndProject
Project("{2150E333-8FDC-42A3-9474-1A3956D46DE8}") = "Hosts", "Hosts", "{74EC9911-763F-4C7E-BC8F-A725B69090FE}"
EndProject
Project("{2150E333-8FDC-42A3-9474-1A3956D46DE8}") = "Infrastructure", "Infrastructure", "{AA6A3C76-79B1-478E-B86F-2AC9F1F26CA4}"
EndProject
Project("{9A19103F-16F7-4668-BE54-9A1E7A4F7556}") = "WebApi", "WebApi\WebApi.csproj", "{F3C95BE7-77E0-4B71-9A9B-D2ED8781EFAA}"
EndProject
Project("{9A19103F-16F7-4668-BE54-9A1E7A4F7556}") = "Entities.Base", "Entities.Base\Entities.Base.csproj", "{826119A1-16A8-4287-96E7-3DFE91B14A30}"
EndProject
Project("{9A19103F-16F7-4668-BE54-9A1E7A4F7556}") = "Entities.Registration", "Entities.Registration\Entities.Registration.csproj", "{56751A93-B4E3-4764-A7BF-8347B590628F}"
EndProject
Project("{9A19103F-16F7-4668-BE54-9A1E7A4F7556}") = "Mapping.Registration", "Mapping.Registration\Mapping.Registration.csproj", "{BB92B3EF-A182-4A6D-8CDF-8A4D627DE72D}"
EndProject
Project("{9A19103F-16F7-4668-BE54-9A1E7A4F7556}") = "Dto.Registration", "Dto.Registration\Dto.Registration.csproj", "{CEDE94A4-B9C5-4653-B127-5592D5814D39}"
EndProject
Project("{9A19103F-16F7-4668-BE54-9A1E7A4F7556}") = "Helps", "Helps\Helps.csproj", "{FB974997-0A81-48B0-AD6F-F13983040711}"
EndProject
Project("{9A19103F-16F7-4668-BE54-9A1E7A4F7556}") = "RabbitMQ", "RabbitMQ\RabbitMQ.csproj", "{76D90AB7-68C9-4771-A9BD-9E30237B10CB}"
EndProject
Project("{9A19103F-16F7-4668-BE54-9A1E7A4F7556}") = "EntityFramework", "EntityFramework\EntityFramework.csproj", "{DF9C5168-7F92-48C5-9A33-1580518684AA}"
EndProject
Project("{9A19103F-16F7-4668-BE54-9A1E7A4F7556}") = "Commands", "Commands\Commands.csproj", "{B7EC1A6B-474F-4C34-A6DD-130C01DF3C51}"
EndProject
Project("{9A19103F-16F7-4668-BE54-9A1E7A4F7556}") = "Messages", "Messages\Messages.csproj", "{A47D4996-65BB-414A-9584-50D9F1B7F50E}"
EndProject
Project("{9A19103F-16F7-4668-BE54-9A1E7A4F7556}") = "Modules", "Module\Modules.csproj", "{1CB08F90-23F4-45DB-8BD4-4C30C8697A46}"
EndProject
Project("{FAE04EC0-301F-11D3-BF4B-00C04F79EFBC}") = "Extensions", "Extensions\Extensions.csproj", "{EB1BBD1A-BB8F-4C18-AC93-3811075728A8}"
EndProject
Project("{FAE04EC0-301F-11D3-BF4B-00C04F79EFBC}") = "Options", "Options\Options.csproj", "{8BC5A355-4785-4910-AF3B-1722612FC7E8}"
EndProject
Project("{FAE04EC0-301F-11D3-BF4B-00C04F79EFBC}") = "Workers", "Workers\Workers.csproj", "{FA95DE2F-EE7B-429F-B2D5-28D76879D494}"
EndProject
Project("{FAE04EC0-301F-11D3-BF4B-00C04F79EFBC}") = "Rabbit", "Rabbit\Rabbit.csproj", "{AEFA78AB-14E9-4495-A606-FDF13D07C755}"
EndProject
Global
	GlobalSection(SolutionConfigurationPlatforms) = preSolution
		Debug|Any CPU = Debug|Any CPU
		Release|Any CPU = Release|Any CPU
	EndGlobalSection
	GlobalSection(ProjectConfigurationPlatforms) = postSolution
		{F3C95BE7-77E0-4B71-9A9B-D2ED8781EFAA}.Debug|Any CPU.ActiveCfg = Debug|Any CPU
		{F3C95BE7-77E0-4B71-9A9B-D2ED8781EFAA}.Debug|Any CPU.Build.0 = Debug|Any CPU
		{F3C95BE7-77E0-4B71-9A9B-D2ED8781EFAA}.Release|Any CPU.ActiveCfg = Release|Any CPU
		{F3C95BE7-77E0-4B71-9A9B-D2ED8781EFAA}.Release|Any CPU.Build.0 = Release|Any CPU
		{826119A1-16A8-4287-96E7-3DFE91B14A30}.Debug|Any CPU.ActiveCfg = Debug|Any CPU
		{826119A1-16A8-4287-96E7-3DFE91B14A30}.Debug|Any CPU.Build.0 = Debug|Any CPU
		{826119A1-16A8-4287-96E7-3DFE91B14A30}.Release|Any CPU.ActiveCfg = Release|Any CPU
		{826119A1-16A8-4287-96E7-3DFE91B14A30}.Release|Any CPU.Build.0 = Release|Any CPU
		{56751A93-B4E3-4764-A7BF-8347B590628F}.Debug|Any CPU.ActiveCfg = Debug|Any CPU
		{56751A93-B4E3-4764-A7BF-8347B590628F}.Debug|Any CPU.Build.0 = Debug|Any CPU
		{56751A93-B4E3-4764-A7BF-8347B590628F}.Release|Any CPU.ActiveCfg = Release|Any CPU
		{56751A93-B4E3-4764-A7BF-8347B590628F}.Release|Any CPU.Build.0 = Release|Any CPU
		{BB92B3EF-A182-4A6D-8CDF-8A4D627DE72D}.Debug|Any CPU.ActiveCfg = Debug|Any CPU
		{BB92B3EF-A182-4A6D-8CDF-8A4D627DE72D}.Debug|Any CPU.Build.0 = Debug|Any CPU
		{BB92B3EF-A182-4A6D-8CDF-8A4D627DE72D}.Release|Any CPU.ActiveCfg = Release|Any CPU
		{BB92B3EF-A182-4A6D-8CDF-8A4D627DE72D}.Release|Any CPU.Build.0 = Release|Any CPU
		{CEDE94A4-B9C5-4653-B127-5592D5814D39}.Debug|Any CPU.ActiveCfg = Debug|Any CPU
		{CEDE94A4-B9C5-4653-B127-5592D5814D39}.Debug|Any CPU.Build.0 = Debug|Any CPU
		{CEDE94A4-B9C5-4653-B127-5592D5814D39}.Release|Any CPU.ActiveCfg = Release|Any CPU
		{CEDE94A4-B9C5-4653-B127-5592D5814D39}.Release|Any CPU.Build.0 = Release|Any CPU
		{FB974997-0A81-48B0-AD6F-F13983040711}.Debug|Any CPU.ActiveCfg = Debug|Any CPU
		{FB974997-0A81-48B0-AD6F-F13983040711}.Debug|Any CPU.Build.0 = Debug|Any CPU
		{FB974997-0A81-48B0-AD6F-F13983040711}.Release|Any CPU.ActiveCfg = Release|Any CPU
		{FB974997-0A81-48B0-AD6F-F13983040711}.Release|Any CPU.Build.0 = Release|Any CPU
		{76D90AB7-68C9-4771-A9BD-9E30237B10CB}.Debug|Any CPU.ActiveCfg = Debug|Any CPU
		{76D90AB7-68C9-4771-A9BD-9E30237B10CB}.Debug|Any CPU.Build.0 = Debug|Any CPU
		{76D90AB7-68C9-4771-A9BD-9E30237B10CB}.Release|Any CPU.ActiveCfg = Release|Any CPU
		{76D90AB7-68C9-4771-A9BD-9E30237B10CB}.Release|Any CPU.Build.0 = Release|Any CPU
		{DF9C5168-7F92-48C5-9A33-1580518684AA}.Debug|Any CPU.ActiveCfg = Debug|Any CPU
		{DF9C5168-7F92-48C5-9A33-1580518684AA}.Debug|Any CPU.Build.0 = Debug|Any CPU
		{DF9C5168-7F92-48C5-9A33-1580518684AA}.Release|Any CPU.ActiveCfg = Release|Any CPU
		{DF9C5168-7F92-48C5-9A33-1580518684AA}.Release|Any CPU.Build.0 = Release|Any CPU
		{B7EC1A6B-474F-4C34-A6DD-130C01DF3C51}.Debug|Any CPU.ActiveCfg = Debug|Any CPU
		{B7EC1A6B-474F-4C34-A6DD-130C01DF3C51}.Debug|Any CPU.Build.0 = Debug|Any CPU
		{B7EC1A6B-474F-4C34-A6DD-130C01DF3C51}.Release|Any CPU.ActiveCfg = Release|Any CPU
		{B7EC1A6B-474F-4C34-A6DD-130C01DF3C51}.Release|Any CPU.Build.0 = Release|Any CPU
		{A47D4996-65BB-414A-9584-50D9F1B7F50E}.Debug|Any CPU.ActiveCfg = Debug|Any CPU
		{A47D4996-65BB-414A-9584-50D9F1B7F50E}.Debug|Any CPU.Build.0 = Debug|Any CPU
		{A47D4996-65BB-414A-9584-50D9F1B7F50E}.Release|Any CPU.ActiveCfg = Release|Any CPU
		{A47D4996-65BB-414A-9584-50D9F1B7F50E}.Release|Any CPU.Build.0 = Release|Any CPU
		{1CB08F90-23F4-45DB-8BD4-4C30C8697A46}.Debug|Any CPU.ActiveCfg = Debug|Any CPU
		{1CB08F90-23F4-45DB-8BD4-4C30C8697A46}.Debug|Any CPU.Build.0 = Debug|Any CPU
		{1CB08F90-23F4-45DB-8BD4-4C30C8697A46}.Release|Any CPU.ActiveCfg = Release|Any CPU
		{1CB08F90-23F4-45DB-8BD4-4C30C8697A46}.Release|Any CPU.Build.0 = Release|Any CPU
		{EB1BBD1A-BB8F-4C18-AC93-3811075728A8}.Debug|Any CPU.ActiveCfg = Debug|Any CPU
		{EB1BBD1A-BB8F-4C18-AC93-3811075728A8}.Debug|Any CPU.Build.0 = Debug|Any CPU
		{EB1BBD1A-BB8F-4C18-AC93-3811075728A8}.Release|Any CPU.ActiveCfg = Release|Any CPU
		{EB1BBD1A-BB8F-4C18-AC93-3811075728A8}.Release|Any CPU.Build.0 = Release|Any CPU
		{8BC5A355-4785-4910-AF3B-1722612FC7E8}.Debug|Any CPU.ActiveCfg = Debug|Any CPU
		{8BC5A355-4785-4910-AF3B-1722612FC7E8}.Debug|Any CPU.Build.0 = Debug|Any CPU
		{8BC5A355-4785-4910-AF3B-1722612FC7E8}.Release|Any CPU.ActiveCfg = Release|Any CPU
		{8BC5A355-4785-4910-AF3B-1722612FC7E8}.Release|Any CPU.Build.0 = Release|Any CPU
		{FA95DE2F-EE7B-429F-B2D5-28D76879D494}.Debug|Any CPU.ActiveCfg = Debug|Any CPU
		{FA95DE2F-EE7B-429F-B2D5-28D76879D494}.Debug|Any CPU.Build.0 = Debug|Any CPU
		{FA95DE2F-EE7B-429F-B2D5-28D76879D494}.Release|Any CPU.ActiveCfg = Release|Any CPU
		{FA95DE2F-EE7B-429F-B2D5-28D76879D494}.Release|Any CPU.Build.0 = Release|Any CPU
		{AEFA78AB-14E9-4495-A606-FDF13D07C755}.Debug|Any CPU.ActiveCfg = Debug|Any CPU
		{AEFA78AB-14E9-4495-A606-FDF13D07C755}.Debug|Any CPU.Build.0 = Debug|Any CPU
		{AEFA78AB-14E9-4495-A606-FDF13D07C755}.Release|Any CPU.ActiveCfg = Release|Any CPU
		{AEFA78AB-14E9-4495-A606-FDF13D07C755}.Release|Any CPU.Build.0 = Release|Any CPU
	EndGlobalSection
	GlobalSection(SolutionProperties) = preSolution
		HideSolutionNode = FALSE
	EndGlobalSection
	GlobalSection(NestedProjects) = preSolution
		{F3C95BE7-77E0-4B71-9A9B-D2ED8781EFAA} = {74EC9911-763F-4C7E-BC8F-A725B69090FE}
		{826119A1-16A8-4287-96E7-3DFE91B14A30} = {426F4530-C152-4345-9EEA-5528249218FE}
		{56751A93-B4E3-4764-A7BF-8347B590628F} = {426F4530-C152-4345-9EEA-5528249218FE}
		{BB92B3EF-A182-4A6D-8CDF-8A4D627DE72D} = {BD875ED1-334C-446A-B456-132FCA49EEEA}
		{CEDE94A4-B9C5-4653-B127-5592D5814D39} = {BD875ED1-334C-446A-B456-132FCA49EEEA}
		{FB974997-0A81-48B0-AD6F-F13983040711} = {BD875ED1-334C-446A-B456-132FCA49EEEA}
		{76D90AB7-68C9-4771-A9BD-9E30237B10CB} = {AA6A3C76-79B1-478E-B86F-2AC9F1F26CA4}
		{DF9C5168-7F92-48C5-9A33-1580518684AA} = {AA6A3C76-79B1-478E-B86F-2AC9F1F26CA4}
		{B7EC1A6B-474F-4C34-A6DD-130C01DF3C51} = {BD875ED1-334C-446A-B456-132FCA49EEEA}
		{A47D4996-65BB-414A-9584-50D9F1B7F50E} = {BD875ED1-334C-446A-B456-132FCA49EEEA}
		{1CB08F90-23F4-45DB-8BD4-4C30C8697A46} = {AA6A3C76-79B1-478E-B86F-2AC9F1F26CA4}
		{EB1BBD1A-BB8F-4C18-AC93-3811075728A8} = {AA6A3C76-79B1-478E-B86F-2AC9F1F26CA4}
		{8BC5A355-4785-4910-AF3B-1722612FC7E8} = {AA6A3C76-79B1-478E-B86F-2AC9F1F26CA4}
		{FA95DE2F-EE7B-429F-B2D5-28D76879D494} = {BD875ED1-334C-446A-B456-132FCA49EEEA}
		{AEFA78AB-14E9-4495-A606-FDF13D07C755} = {AA6A3C76-79B1-478E-B86F-2AC9F1F26CA4}
	EndGlobalSection
	GlobalSection(ExtensibilityGlobals) = postSolution
		SolutionGuid = {D9A5ECD1-9247-4B33-957B-D427C177ABCE}
	EndGlobalSection
EndGlobal
