
Microsoft Visual Studio Solution File, Format Version 12.00
# Visual Studio Version 17
VisualStudioVersion = 17.0.32126.317
MinimumVisualStudioVersion = 10.0.40219.1
Project("{2150E333-8FDC-42A3-9474-1A3956D46DE8}") = "Application", "Application", "{BD875ED1-334C-446A-B456-132FCA49EEEA}"
EndProject
Project("{2150E333-8FDC-42A3-9474-1A3956D46DE8}") = "Domain", "Domain", "{426F4530-C152-4345-9EEA-5528249218FE}"
EndProject
Project("{2150E333-8FDC-42A3-9474-1A3956D46DE8}") = "Hosts", "Hosts", "{74EC9911-763F-4C7E-BC8F-A725B69090FE}"
EndProject
Project("{2150E333-8FDC-42A3-9474-1A3956D46DE8}") = "Infrastructure", "Infrastructure", "{AA6A3C76-79B1-478E-B86F-2AC9F1F26CA4}"
EndProject
Project("{9A19103F-16F7-4668-BE54-9A1E7A4F7556}") = "WebApi", "WebApi\WebApi.csproj", "{F3C95BE7-77E0-4B71-9A9B-D2ED8781EFAA}"
EndProject
Project("{9A19103F-16F7-4668-BE54-9A1E7A4F7556}") = "Entities.Base", "Entities.Base\Entities.Base.csproj", "{826119A1-16A8-4287-96E7-3DFE91B14A30}"
EndProject
Project("{9A19103F-16F7-4668-BE54-9A1E7A4F7556}") = "Commands.Implementation", "Commands.Implementation\Commands.Implementation.csproj", "{A844A964-8EAA-480B-AC82-5946E3108FA6}"
EndProject
Project("{9A19103F-16F7-4668-BE54-9A1E7A4F7556}") = "EntityFramework.Abstraction", "EntityFramework.Abstraction\EntityFramework.Abstraction.csproj", "{F13B0509-8F56-41A7-89CB-D72B9C3816B8}"
EndProject
Project("{9A19103F-16F7-4668-BE54-9A1E7A4F7556}") = "EntityFramework.Implementation", "EntityFramework.Implementation\EntityFramework.Implementation.csproj", "{2CF2A26D-2638-4F08-A171-B08919C15721}"
EndProject
Project("{9A19103F-16F7-4668-BE54-9A1E7A4F7556}") = "Entities.Abstraction", "Entities.Abstraction\Entities.Abstraction.csproj", "{2B5E0A7A-8CF9-4FEC-8C31-384A5A164D28}"
EndProject
Project("{9A19103F-16F7-4668-BE54-9A1E7A4F7556}") = "Worker.Implementation", "Worker.Implementation\Worker.Implementation.csproj", "{19309F80-E98A-473A-B88D-DB9773CEA5F2}"
EndProject
Project("{9A19103F-16F7-4668-BE54-9A1E7A4F7556}") = "Entities.Registration", "Entities.Registration\Entities.Registration.csproj", "{56751A93-B4E3-4764-A7BF-8347B590628F}"
EndProject
Project("{9A19103F-16F7-4668-BE54-9A1E7A4F7556}") = "Mapping.Registration", "Mapping.Registration\Mapping.Registration.csproj", "{BB92B3EF-A182-4A6D-8CDF-8A4D627DE72D}"
EndProject
Project("{9A19103F-16F7-4668-BE54-9A1E7A4F7556}") = "Dto.Registration", "Dto.Registration\Dto.Registration.csproj", "{CEDE94A4-B9C5-4653-B127-5592D5814D39}"
EndProject
Global
	GlobalSection(SolutionConfigurationPlatforms) = preSolution
		Debug|Any CPU = Debug|Any CPU
		Release|Any CPU = Release|Any CPU
	EndGlobalSection
	GlobalSection(ProjectConfigurationPlatforms) = postSolution
		{F3C95BE7-77E0-4B71-9A9B-D2ED8781EFAA}.Debug|Any CPU.ActiveCfg = Debug|Any CPU
		{F3C95BE7-77E0-4B71-9A9B-D2ED8781EFAA}.Debug|Any CPU.Build.0 = Debug|Any CPU
		{F3C95BE7-77E0-4B71-9A9B-D2ED8781EFAA}.Release|Any CPU.ActiveCfg = Release|Any CPU
		{F3C95BE7-77E0-4B71-9A9B-D2ED8781EFAA}.Release|Any CPU.Build.0 = Release|Any CPU
		{826119A1-16A8-4287-96E7-3DFE91B14A30}.Debug|Any CPU.ActiveCfg = Debug|Any CPU
		{826119A1-16A8-4287-96E7-3DFE91B14A30}.Debug|Any CPU.Build.0 = Debug|Any CPU
		{826119A1-16A8-4287-96E7-3DFE91B14A30}.Release|Any CPU.ActiveCfg = Release|Any CPU
		{826119A1-16A8-4287-96E7-3DFE91B14A30}.Release|Any CPU.Build.0 = Release|Any CPU
		{A844A964-8EAA-480B-AC82-5946E3108FA6}.Debug|Any CPU.ActiveCfg = Debug|Any CPU
		{A844A964-8EAA-480B-AC82-5946E3108FA6}.Debug|Any CPU.Build.0 = Debug|Any CPU
		{A844A964-8EAA-480B-AC82-5946E3108FA6}.Release|Any CPU.ActiveCfg = Release|Any CPU
		{A844A964-8EAA-480B-AC82-5946E3108FA6}.Release|Any CPU.Build.0 = Release|Any CPU
		{F13B0509-8F56-41A7-89CB-D72B9C3816B8}.Debug|Any CPU.ActiveCfg = Debug|Any CPU
		{F13B0509-8F56-41A7-89CB-D72B9C3816B8}.Debug|Any CPU.Build.0 = Debug|Any CPU
		{F13B0509-8F56-41A7-89CB-D72B9C3816B8}.Release|Any CPU.ActiveCfg = Release|Any CPU
		{F13B0509-8F56-41A7-89CB-D72B9C3816B8}.Release|Any CPU.Build.0 = Release|Any CPU
		{2CF2A26D-2638-4F08-A171-B08919C15721}.Debug|Any CPU.ActiveCfg = Debug|Any CPU
		{2CF2A26D-2638-4F08-A171-B08919C15721}.Debug|Any CPU.Build.0 = Debug|Any CPU
		{2CF2A26D-2638-4F08-A171-B08919C15721}.Release|Any CPU.ActiveCfg = Release|Any CPU
		{2CF2A26D-2638-4F08-A171-B08919C15721}.Release|Any CPU.Build.0 = Release|Any CPU
		{2B5E0A7A-8CF9-4FEC-8C31-384A5A164D28}.Debug|Any CPU.ActiveCfg = Debug|Any CPU
		{2B5E0A7A-8CF9-4FEC-8C31-384A5A164D28}.Debug|Any CPU.Build.0 = Debug|Any CPU
		{2B5E0A7A-8CF9-4FEC-8C31-384A5A164D28}.Release|Any CPU.ActiveCfg = Release|Any CPU
		{2B5E0A7A-8CF9-4FEC-8C31-384A5A164D28}.Release|Any CPU.Build.0 = Release|Any CPU
		{19309F80-E98A-473A-B88D-DB9773CEA5F2}.Debug|Any CPU.ActiveCfg = Debug|Any CPU
		{19309F80-E98A-473A-B88D-DB9773CEA5F2}.Debug|Any CPU.Build.0 = Debug|Any CPU
		{19309F80-E98A-473A-B88D-DB9773CEA5F2}.Release|Any CPU.ActiveCfg = Release|Any CPU
		{19309F80-E98A-473A-B88D-DB9773CEA5F2}.Release|Any CPU.Build.0 = Release|Any CPU
		{56751A93-B4E3-4764-A7BF-8347B590628F}.Debug|Any CPU.ActiveCfg = Debug|Any CPU
		{56751A93-B4E3-4764-A7BF-8347B590628F}.Debug|Any CPU.Build.0 = Debug|Any CPU
		{56751A93-B4E3-4764-A7BF-8347B590628F}.Release|Any CPU.ActiveCfg = Release|Any CPU
		{56751A93-B4E3-4764-A7BF-8347B590628F}.Release|Any CPU.Build.0 = Release|Any CPU
		{BB92B3EF-A182-4A6D-8CDF-8A4D627DE72D}.Debug|Any CPU.ActiveCfg = Debug|Any CPU
		{BB92B3EF-A182-4A6D-8CDF-8A4D627DE72D}.Debug|Any CPU.Build.0 = Debug|Any CPU
		{BB92B3EF-A182-4A6D-8CDF-8A4D627DE72D}.Release|Any CPU.ActiveCfg = Release|Any CPU
		{BB92B3EF-A182-4A6D-8CDF-8A4D627DE72D}.Release|Any CPU.Build.0 = Release|Any CPU
		{CEDE94A4-B9C5-4653-B127-5592D5814D39}.Debug|Any CPU.ActiveCfg = Debug|Any CPU
		{CEDE94A4-B9C5-4653-B127-5592D5814D39}.Debug|Any CPU.Build.0 = Debug|Any CPU
		{CEDE94A4-B9C5-4653-B127-5592D5814D39}.Release|Any CPU.ActiveCfg = Release|Any CPU
		{CEDE94A4-B9C5-4653-B127-5592D5814D39}.Release|Any CPU.Build.0 = Release|Any CPU
	EndGlobalSection
	GlobalSection(SolutionProperties) = preSolution
		HideSolutionNode = FALSE
	EndGlobalSection
	GlobalSection(NestedProjects) = preSolution
		{F3C95BE7-77E0-4B71-9A9B-D2ED8781EFAA} = {74EC9911-763F-4C7E-BC8F-A725B69090FE}
		{826119A1-16A8-4287-96E7-3DFE91B14A30} = {426F4530-C152-4345-9EEA-5528249218FE}
		{A844A964-8EAA-480B-AC82-5946E3108FA6} = {BD875ED1-334C-446A-B456-132FCA49EEEA}
		{F13B0509-8F56-41A7-89CB-D72B9C3816B8} = {AA6A3C76-79B1-478E-B86F-2AC9F1F26CA4}
		{2CF2A26D-2638-4F08-A171-B08919C15721} = {AA6A3C76-79B1-478E-B86F-2AC9F1F26CA4}
		{2B5E0A7A-8CF9-4FEC-8C31-384A5A164D28} = {426F4530-C152-4345-9EEA-5528249218FE}
		{19309F80-E98A-473A-B88D-DB9773CEA5F2} = {BD875ED1-334C-446A-B456-132FCA49EEEA}
		{56751A93-B4E3-4764-A7BF-8347B590628F} = {426F4530-C152-4345-9EEA-5528249218FE}
		{BB92B3EF-A182-4A6D-8CDF-8A4D627DE72D} = {BD875ED1-334C-446A-B456-132FCA49EEEA}
		{CEDE94A4-B9C5-4653-B127-5592D5814D39} = {BD875ED1-334C-446A-B456-132FCA49EEEA}
	EndGlobalSection
	GlobalSection(ExtensibilityGlobals) = postSolution
		SolutionGuid = {D9A5ECD1-9247-4B33-957B-D427C177ABCE}
	EndGlobalSection
EndGlobal
