
Microsoft Visual Studio Solution File, Format Version 12.00
# Visual Studio Version 17
VisualStudioVersion = 17.1.32228.430
MinimumVisualStudioVersion = 10.0.40219.1
Project("{2150E333-8FDC-42A3-9474-1A3956D46DE8}") = "Application", "Application", "{9F87591D-64C1-4713-AC9A-3910B0BCE236}"
EndProject
Project("{2150E333-8FDC-42A3-9474-1A3956D46DE8}") = "Domain", "Domain", "{4C14D1FF-251B-4328-8511-0DA4E0A13F68}"
EndProject
Project("{2150E333-8FDC-42A3-9474-1A3956D46DE8}") = "Hosts", "Hosts", "{048FB880-2ABE-4B67-8306-FF96FEF10130}"
EndProject
Project("{2150E333-8FDC-42A3-9474-1A3956D46DE8}") = "Infrastructure", "Infrastructure", "{515AE7AD-A712-4420-AC50-456AD7006A1E}"
EndProject
Project("{9A19103F-16F7-4668-BE54-9A1E7A4F7556}") = "EntityFramework", "EntityFramework\EntityFramework.csproj", "{EC5DEC70-89C8-43F9-AA5E-51BD5438B926}"
EndProject
Project("{9A19103F-16F7-4668-BE54-9A1E7A4F7556}") = "RabbitMQ", "RabbitMQ\RabbitMQ.csproj", "{251FB7C4-D995-4AC1-9FE2-D06B220BA50C}"
EndProject
Project("{9A19103F-16F7-4668-BE54-9A1E7A4F7556}") = "WebApi", "WebApi\WebApi.csproj", "{AD1F7378-2192-48BC-9100-3560BBCE8D4E}"
EndProject
Project("{9A19103F-16F7-4668-BE54-9A1E7A4F7556}") = "Entities.Base", "Entities.Base\Entities.Base.csproj", "{76C7D4D9-D866-4E15-A42E-57DF8730D437}"
EndProject
Project("{9A19103F-16F7-4668-BE54-9A1E7A4F7556}") = "Entities.Event", "Entities.Event\Entities.Event.csproj", "{99428D7E-0E27-4719-AFF8-9176B5714A77}"
EndProject
Project("{9A19103F-16F7-4668-BE54-9A1E7A4F7556}") = "Entities.Manager", "Entities.Manager\Entities.Manager.csproj", "{3A216FFB-C35D-42B5-9EC3-229C85B9C2AF}"
EndProject
Global
	GlobalSection(SolutionConfigurationPlatforms) = preSolution
		Debug|Any CPU = Debug|Any CPU
		Release|Any CPU = Release|Any CPU
	EndGlobalSection
	GlobalSection(ProjectConfigurationPlatforms) = postSolution
		{EC5DEC70-89C8-43F9-AA5E-51BD5438B926}.Debug|Any CPU.ActiveCfg = Debug|Any CPU
		{EC5DEC70-89C8-43F9-AA5E-51BD5438B926}.Debug|Any CPU.Build.0 = Debug|Any CPU
		{EC5DEC70-89C8-43F9-AA5E-51BD5438B926}.Release|Any CPU.ActiveCfg = Release|Any CPU
		{EC5DEC70-89C8-43F9-AA5E-51BD5438B926}.Release|Any CPU.Build.0 = Release|Any CPU
		{251FB7C4-D995-4AC1-9FE2-D06B220BA50C}.Debug|Any CPU.ActiveCfg = Debug|Any CPU
		{251FB7C4-D995-4AC1-9FE2-D06B220BA50C}.Debug|Any CPU.Build.0 = Debug|Any CPU
		{251FB7C4-D995-4AC1-9FE2-D06B220BA50C}.Release|Any CPU.ActiveCfg = Release|Any CPU
		{251FB7C4-D995-4AC1-9FE2-D06B220BA50C}.Release|Any CPU.Build.0 = Release|Any CPU
		{AD1F7378-2192-48BC-9100-3560BBCE8D4E}.Debug|Any CPU.ActiveCfg = Debug|Any CPU
		{AD1F7378-2192-48BC-9100-3560BBCE8D4E}.Debug|Any CPU.Build.0 = Debug|Any CPU
		{AD1F7378-2192-48BC-9100-3560BBCE8D4E}.Release|Any CPU.ActiveCfg = Release|Any CPU
		{AD1F7378-2192-48BC-9100-3560BBCE8D4E}.Release|Any CPU.Build.0 = Release|Any CPU
		{76C7D4D9-D866-4E15-A42E-57DF8730D437}.Debug|Any CPU.ActiveCfg = Debug|Any CPU
		{76C7D4D9-D866-4E15-A42E-57DF8730D437}.Debug|Any CPU.Build.0 = Debug|Any CPU
		{76C7D4D9-D866-4E15-A42E-57DF8730D437}.Release|Any CPU.ActiveCfg = Release|Any CPU
		{76C7D4D9-D866-4E15-A42E-57DF8730D437}.Release|Any CPU.Build.0 = Release|Any CPU
		{99428D7E-0E27-4719-AFF8-9176B5714A77}.Debug|Any CPU.ActiveCfg = Debug|Any CPU
		{99428D7E-0E27-4719-AFF8-9176B5714A77}.Debug|Any CPU.Build.0 = Debug|Any CPU
		{99428D7E-0E27-4719-AFF8-9176B5714A77}.Release|Any CPU.ActiveCfg = Release|Any CPU
		{99428D7E-0E27-4719-AFF8-9176B5714A77}.Release|Any CPU.Build.0 = Release|Any CPU
		{3A216FFB-C35D-42B5-9EC3-229C85B9C2AF}.Debug|Any CPU.ActiveCfg = Debug|Any CPU
		{3A216FFB-C35D-42B5-9EC3-229C85B9C2AF}.Debug|Any CPU.Build.0 = Debug|Any CPU
		{3A216FFB-C35D-42B5-9EC3-229C85B9C2AF}.Release|Any CPU.ActiveCfg = Release|Any CPU
		{3A216FFB-C35D-42B5-9EC3-229C85B9C2AF}.Release|Any CPU.Build.0 = Release|Any CPU
	EndGlobalSection
	GlobalSection(SolutionProperties) = preSolution
		HideSolutionNode = FALSE
	EndGlobalSection
	GlobalSection(NestedProjects) = preSolution
		{EC5DEC70-89C8-43F9-AA5E-51BD5438B926} = {515AE7AD-A712-4420-AC50-456AD7006A1E}
		{251FB7C4-D995-4AC1-9FE2-D06B220BA50C} = {515AE7AD-A712-4420-AC50-456AD7006A1E}
		{AD1F7378-2192-48BC-9100-3560BBCE8D4E} = {048FB880-2ABE-4B67-8306-FF96FEF10130}
		{76C7D4D9-D866-4E15-A42E-57DF8730D437} = {4C14D1FF-251B-4328-8511-0DA4E0A13F68}
		{99428D7E-0E27-4719-AFF8-9176B5714A77} = {4C14D1FF-251B-4328-8511-0DA4E0A13F68}
		{3A216FFB-C35D-42B5-9EC3-229C85B9C2AF} = {4C14D1FF-251B-4328-8511-0DA4E0A13F68}
	EndGlobalSection
	GlobalSection(ExtensibilityGlobals) = postSolution
		SolutionGuid = {FE81040A-93B3-4669-9A2B-11101A70906B}
	EndGlobalSection
EndGlobal
