
Microsoft Visual Studio Solution File, Format Version 12.00
# Visual Studio Version 17
VisualStudioVersion = 17.0.32126.317
MinimumVisualStudioVersion = 10.0.40219.1
Project("{FAE04EC0-301F-11D3-BF4B-00C04F79EFBC}") = "RabbitMQ", "RabbitMQ\RabbitMQ.csproj", "{6F681E4F-3B31-4457-AC59-7A01CD915696}"
EndProject
Global
	GlobalSection(SolutionConfigurationPlatforms) = preSolution
		Debug|Any CPU = Debug|Any CPU
		Release|Any CPU = Release|Any CPU
	EndGlobalSection
	GlobalSection(ProjectConfigurationPlatforms) = postSolution
		{6F681E4F-3B31-4457-AC59-7A01CD915696}.Debug|Any CPU.ActiveCfg = Debug|Any CPU
		{6F681E4F-3B31-4457-AC59-7A01CD915696}.Debug|Any CPU.Build.0 = Debug|Any CPU
		{6F681E4F-3B31-4457-AC59-7A01CD915696}.Release|Any CPU.ActiveCfg = Release|Any CPU
		{6F681E4F-3B31-4457-AC59-7A01CD915696}.Release|Any CPU.Build.0 = Release|Any CPU
	EndGlobalSection
	GlobalSection(SolutionProperties) = preSolution
		HideSolutionNode = FALSE
	EndGlobalSection
	GlobalSection(ExtensibilityGlobals) = postSolution
		SolutionGuid = {30B93A88-4474-4DE5-8950-EC9CBC6A6A34}
	EndGlobalSection
EndGlobal
